
Microsoft Visual Studio Solution File, Format Version 12.00
# Visual Studio Version 17
VisualStudioVersion = 17.14.36623.8 d17.14
MinimumVisualStudioVersion = 10.0.40219.1
Project("{FAE04EC0-301F-11D3-BF4B-00C04F79EFBC}") = "Ej03", "Ej03.csproj", "{3751716F-42A1-4A40-AB2C-A0F79A5C197F}"
EndProject
Global
	GlobalSection(SolutionConfigurationPlatforms) = preSolution
		Debug|Any CPU = Debug|Any CPU
		Release|Any CPU = Release|Any CPU
	EndGlobalSection
	GlobalSection(ProjectConfigurationPlatforms) = postSolution
		{3751716F-42A1-4A40-AB2C-A0F79A5C197F}.Debug|Any CPU.ActiveCfg = Debug|Any CPU
		{3751716F-42A1-4A40-AB2C-A0F79A5C197F}.Debug|Any CPU.Build.0 = Debug|Any CPU
		{3751716F-42A1-4A40-AB2C-A0F79A5C197F}.Release|Any CPU.ActiveCfg = Release|Any CPU
		{3751716F-42A1-4A40-AB2C-A0F79A5C197F}.Release|Any CPU.Build.0 = Release|Any CPU
	EndGlobalSection
	GlobalSection(SolutionProperties) = preSolution
		HideSolutionNode = FALSE
	EndGlobalSection
	GlobalSection(ExtensibilityGlobals) = postSolution
		SolutionGuid = {95E41BC4-54C1-4D11-B5A9-A5AE46173995}
	EndGlobalSection
EndGlobal
