
Microsoft Visual Studio Solution File, Format Version 12.00
# Visual Studio Version 17
VisualStudioVersion = 17.7.34024.191
MinimumVisualStudioVersion = 10.0.40219.1
Project("{FAE04EC0-301F-11D3-BF4B-00C04F79EFBC}") = "CalculadoraEj02", "CalculadoraEj02\CalculadoraEj02.csproj", "{A87B857D-E7D5-4881-94F4-E3FE2CBCECDA}"
EndProject
Global
	GlobalSection(SolutionConfigurationPlatforms) = preSolution
		Debug|Any CPU = Debug|Any CPU
		Release|Any CPU = Release|Any CPU
	EndGlobalSection
	GlobalSection(ProjectConfigurationPlatforms) = postSolution
		{A87B857D-E7D5-4881-94F4-E3FE2CBCECDA}.Debug|Any CPU.ActiveCfg = Debug|Any CPU
		{A87B857D-E7D5-4881-94F4-E3FE2CBCECDA}.Debug|Any CPU.Build.0 = Debug|Any CPU
		{A87B857D-E7D5-4881-94F4-E3FE2CBCECDA}.Release|Any CPU.ActiveCfg = Release|Any CPU
		{A87B857D-E7D5-4881-94F4-E3FE2CBCECDA}.Release|Any CPU.Build.0 = Release|Any CPU
	EndGlobalSection
	GlobalSection(SolutionProperties) = preSolution
		HideSolutionNode = FALSE
	EndGlobalSection
	GlobalSection(ExtensibilityGlobals) = postSolution
		SolutionGuid = {F207E74A-2573-42B1-8CEF-8E47F12BAECD}
	EndGlobalSection
EndGlobal
